lockfileVersion: '9.0'

settings:
  autoInstallPeers: true
  excludeLinksFromLockfile: false

importers:

  .:
    dependencies:
      pretty-bytes:
        specifier: ^6.1.1
        version: 6.1.1
      pretty-ms:
        specifier: ^9.2.0
        version: 9.2.0
      yocto-spinner:
        specifier: ^0.1.2
        version: 0.1.2
      yoctocolors:
        specifier: ^2.1.1
        version: 2.1.1
    devDependencies:
      '@types/node':
        specifier: ^22.10.2
        version: 22.10.2
      prettier:
        specifier: ^3.4.2
        version: 3.4.2
      typescript:
        specifier: ^5.7.2
        version: 5.7.2

packages:

  '@types/node@22.10.2':
    resolution: {integrity: sha512-Xxr6BBRCAOQixvonOye19wnzyDiUtTeqldOOmj3CkeblonbccA12PFwlufvRdrpjXxqnmUaeiU5EOA+7s5diUQ==}

  parse-ms@4.0.0:
    resolution: {integrity: sha512-TXfryirbmq34y8QBwgqCVLi+8oA3oWx2eAnSn62ITyEhEYaWRlVZ2DvMM9eZbMs/RfxPu/PK/aBLyGj4IrqMHw==}
    engines: {node: '>=18'}

  prettier@3.4.2:
    resolution: {integrity: sha512-e9MewbtFo+Fevyuxn/4rrcDAaq0IYxPGLvObpQjiZBMAzB9IGmzlnG9RZy3FFas+eBMu2vA0CszMeduow5dIuQ==}
    engines: {node: '>=14'}
    hasBin: true

  pretty-bytes@6.1.1:
    resolution: {integrity: sha512-mQUvGU6aUFQ+rNvTIAcZuWGRT9a6f6Yrg9bHs4ImKF+HZCEK+plBvnAZYSIQztknZF2qnzNtr6F8s0+IuptdlQ==}
    engines: {node: ^14.13.1 || >=16.0.0}

  pretty-ms@9.2.0:
    resolution: {integrity: sha512-4yf0QO/sllf/1zbZWYnvWw3NxCQwLXKzIj0G849LSufP15BXKM0rbD2Z3wVnkMfjdn/CB0Dpp444gYAACdsplg==}
    engines: {node: '>=18'}

  typescript@5.7.2:
    resolution: {integrity: sha512-i5t66RHxDvVN40HfDd1PsEThGNnlMCMT3jMUuoh9/0TaqWevNontacunWyN02LA9/fIbEWlcHZcgTKb9QoaLfg==}
    engines: {node: '>=14.17'}
    hasBin: true

  undici-types@6.20.0:
    resolution: {integrity: sha512-Ny6QZ2Nju20vw1SRHe3d9jVu6gJ+4e3+MMpqu7pqE5HT6WsTSlce++GQmK5UXS8mzV8DSYHrQH+Xrf2jVcuKNg==}

  yocto-spinner@0.1.2:
    resolution: {integrity: sha512-VfmLIh/ZSZOJnVRQZc/dvpPP90lWL4G0bmxQMP0+U/2vKBA8GSpcBuWv17y7F+CZItRuO97HN1wdbb4p10uhOg==}
    engines: {node: '>=18.19'}

  yoctocolors@2.1.1:
    resolution: {integrity: sha512-GQHQqAopRhwU8Kt1DDM8NjibDXHC8eoh1erhGAJPEyveY9qqVeXvVikNKrDz69sHowPMorbPUrH/mx8c50eiBQ==}
    engines: {node: '>=18'}

snapshots:

  '@types/node@22.10.2':
    dependencies:
      undici-types: 6.20.0

  parse-ms@4.0.0: {}

  prettier@3.4.2: {}

  pretty-bytes@6.1.1: {}

  pretty-ms@9.2.0:
    dependencies:
      parse-ms: 4.0.0

  typescript@5.7.2: {}

  undici-types@6.20.0: {}

  yocto-spinner@0.1.2:
    dependencies:
      yoctocolors: 2.1.1

  yoctocolors@2.1.1: {}
